// !$*UTF8*$!
{
	archiveVersion = 1;
	classes = {
	};
	objectVersion = 47;
	objects = {

/* Begin PBXBuildFile section */
		120797E8258080A78C0990F8 /* Pods_ResistorTests.framework in Frameworks */ = {isa = PBXBuildFile; fileRef = E47ED0CA3D44212AB8E12146 /* Pods_ResistorTests.framework */; };
		D058F6111CE82482002DB071 /* LongPressTextField.swift in Sources */ = {isa = PBXBuildFile; fileRef = D058F6101CE82482002DB071 /* LongPressTextField.swift */; };
		D058F6131CE84405002DB071 /* extensions.swift in Sources */ = {isa = PBXBuildFile; fileRef = D058F6121CE84405002DB071 /* extensions.swift */; };
		D0618C551CE6564C00449469 /* AppDelegate.swift in Sources */ = {isa = PBXBuildFile; fileRef = D0618C541CE6564C00449469 /* AppDelegate.swift */; };
		D0618C571CE6564C00449469 /* 4BandViewController.swift in Sources */ = {isa = PBXBuildFile; fileRef = D0618C561CE6564C00449469 /* 4BandViewController.swift */; };
		D0618C5A1CE6564C00449469 /* Main.storyboard in Resources */ = {isa = PBXBuildFile; fileRef = D0618C581CE6564C00449469 /* Main.storyboard */; };
		D0618C5C1CE6564C00449469 /* Assets.xcassets in Resources */ = {isa = PBXBuildFile; fileRef = D0618C5B1CE6564C00449469 /* Assets.xcassets */; };
		D0618C5F1CE6564C00449469 /* LaunchScreen.storyboard in Resources */ = {isa = PBXBuildFile; fileRef = D0618C5D1CE6564C00449469 /* LaunchScreen.storyboard */; };
		D0618C6A1CE6564D00449469 /* ResistorTests.swift in Sources */ = {isa = PBXBuildFile; fileRef = D0618C691CE6564D00449469 /* ResistorTests.swift */; };
		D0618C751CE6564D00449469 /* ResistorUITests.swift in Sources */ = {isa = PBXBuildFile; fileRef = D0618C741CE6564D00449469 /* ResistorUITests.swift */; };
		D0618C831CE677DE00449469 /* ResistancePicker.swift in Sources */ = {isa = PBXBuildFile; fileRef = D0618C821CE677DE00449469 /* ResistancePicker.swift */; };
		D063EF831CFC5FFD00381C53 /* BandPagesViewController.swift in Sources */ = {isa = PBXBuildFile; fileRef = D063EF821CFC5FFD00381C53 /* BandPagesViewController.swift */; };
		D063EF851CFC609C00381C53 /* 5BandViewController.swift in Sources */ = {isa = PBXBuildFile; fileRef = D063EF841CFC609C00381C53 /* 5BandViewController.swift */; };
		D063EF871CFD1AA900381C53 /* 6BandViewController.swift in Sources */ = {isa = PBXBuildFile; fileRef = D063EF861CFD1AA900381C53 /* 6BandViewController.swift */; };
		D065955F1D000B370082FA46 /* customKeyboard.swift in Sources */ = {isa = PBXBuildFile; fileRef = D065955D1D000B370082FA46 /* customKeyboard.swift */; };
		D06595601D000B370082FA46 /* customKeyboard.xib in Resources */ = {isa = PBXBuildFile; fileRef = D065955E1D000B370082FA46 /* customKeyboard.xib */; };
		D07D091E1D018B9F00670FAE /* UITextField_Shake.framework in Frameworks */ = {isa = PBXBuildFile; fileRef = D07D091D1D018B9F00670FAE /* UITextField_Shake.framework */; };
		D22FCCA9E2E50F673F9984CC /* Pods_ResistorUITests.framework in Frameworks */ = {isa = PBXBuildFile; fileRef = D274FDA6C99E55A154E1A8B8 /* Pods_ResistorUITests.framework */; };
		D5A2E3B6A0744BE80119B167 /* Pods_Resistor.framework in Frameworks */ = {isa = PBXBuildFile; fileRef = 327B78DFC8337F9D25C828EB /* Pods_Resistor.framework */; };
/* End PBXBuildFile section */

/* Begin PBXContainerItemProxy section */
		D0618C661CE6564D00449469 /* PBXContainerItemProxy */ = {
			isa = PBXContainerItemProxy;
			containerPortal = D0618C491CE6564C00449469 /* Project object */;
			proxyType = 1;
			remoteGlobalIDString = D0618C501CE6564C00449469;
			remoteInfo = Resistor;
		};
		D0618C711CE6564D00449469 /* PBXContainerItemProxy */ = {
			isa = PBXContainerItemProxy;
			containerPortal = D0618C491CE6564C00449469 /* Project object */;
			proxyType = 1;
			remoteGlobalIDString = D0618C501CE6564C00449469;
			remoteInfo = Resistor;
		};
/* End PBXContainerItemProxy section */

/* Begin PBXFileReference section */
		15F7685870A02381C13C0B60 /* Pods-ResistorTests.release.xcconfig */ = {isa = PBXFileReference; includeInIndex = 1; lastKnownFileType = text.xcconfig; name = "Pods-ResistorTests.release.xcconfig"; path = "Pods/Target Support Files/Pods-ResistorTests/Pods-ResistorTests.release.xcconfig"; sourceTree = "<group>"; };
		2B780F07F514B8E005CF55B8 /* Pods-ResistorTests.debug.xcconfig */ = {isa = PBXFileReference; includeInIndex = 1; lastKnownFileType = text.xcconfig; name = "Pods-ResistorTests.debug.xcconfig"; path = "Pods/Target Support Files/Pods-ResistorTests/Pods-ResistorTests.debug.xcconfig"; sourceTree = "<group>"; };
		327B78DFC8337F9D25C828EB /* Pods_Resistor.framework */ = {isa = PBXFileReference; explicitFileType = wrapper.framework; includeInIndex = 0; path = Pods_Resistor.framework; sourceTree = BUILT_PRODUCTS_DIR; };
		336B4A05191A6411FBD57DC1 /* Pods-ResistorUITests.release.xcconfig */ = {isa = PBXFileReference; includeInIndex = 1; lastKnownFileType = text.xcconfig; name = "Pods-ResistorUITests.release.xcconfig"; path = "Pods/Target Support Files/Pods-ResistorUITests/Pods-ResistorUITests.release.xcconfig"; sourceTree = "<group>"; };
		444D478DC393EA3530F74C0D /* Pods-Resistor.release.xcconfig */ = {isa = PBXFileReference; includeInIndex = 1; lastKnownFileType = text.xcconfig; name = "Pods-Resistor.release.xcconfig"; path = "Pods/Target Support Files/Pods-Resistor/Pods-Resistor.release.xcconfig"; sourceTree = "<group>"; };
		6EFFC89A384274FCE35E5E4D /* Pods-Resistor.debug.xcconfig */ = {isa = PBXFileReference; includeInIndex = 1; lastKnownFileType = text.xcconfig; name = "Pods-Resistor.debug.xcconfig"; path = "Pods/Target Support Files/Pods-Resistor/Pods-Resistor.debug.xcconfig"; sourceTree = "<group>"; };
		BFA5E72294B79C4481A86140 /* Pods-ResistorUITests.debug.xcconfig */ = {isa = PBXFileReference; includeInIndex = 1; lastKnownFileType = text.xcconfig; name = "Pods-ResistorUITests.debug.xcconfig"; path = "Pods/Target Support Files/Pods-ResistorUITests/Pods-ResistorUITests.debug.xcconfig"; sourceTree = "<group>"; };
		D058F6101CE82482002DB071 /* LongPressTextField.swift */ = {isa = PBXFileReference; fileEncoding = 4; lastKnownFileType = sourcecode.swift; path = LongPressTextField.swift; sourceTree = "<group>"; };
		D058F6121CE84405002DB071 /* extensions.swift */ = {isa = PBXFileReference; fileEncoding = 4; lastKnownFileType = sourcecode.swift; path = extensions.swift; sourceTree = "<group>"; };
		D0618C511CE6564C00449469 /* Resistor.app */ = {isa = PBXFileReference; explicitFileType = wrapper.application; includeInIndex = 0; path = Resistor.app; sourceTree = BUILT_PRODUCTS_DIR; };
		D0618C541CE6564C00449469 /* AppDelegate.swift */ = {isa = PBXFileReference; lastKnownFileType = sourcecode.swift; path = AppDelegate.swift; sourceTree = "<group>"; };
		D0618C561CE6564C00449469 /* 4BandViewController.swift */ = {isa = PBXFileReference; lastKnownFileType = sourcecode.swift; path = 4BandViewController.swift; sourceTree = "<group>"; };
		D0618C591CE6564C00449469 /* Base */ = {isa = PBXFileReference; lastKnownFileType = file.storyboard; name = Base; path = Base.lproj/Main.storyboard; sourceTree = "<group>"; };
		D0618C5B1CE6564C00449469 /* Assets.xcassets */ = {isa = PBXFileReference; lastKnownFileType = folder.assetcatalog; path = Assets.xcassets; sourceTree = "<group>"; };
		D0618C5E1CE6564C00449469 /* Base */ = {isa = PBXFileReference; lastKnownFileType = file.storyboard; name = Base; path = Base.lproj/LaunchScreen.storyboard; sourceTree = "<group>"; };
		D0618C601CE6564C00449469 /* Info.plist */ = {isa = PBXFileReference; lastKnownFileType = text.plist.xml; path = Info.plist; sourceTree = "<group>"; };
		D0618C651CE6564C00449469 /* ResistorTests.xctest */ = {isa = PBXFileReference; explicitFileType = wrapper.cfbundle; includeInIndex = 0; path = ResistorTests.xctest; sourceTree = BUILT_PRODUCTS_DIR; };
		D0618C691CE6564D00449469 /* ResistorTests.swift */ = {isa = PBXFileReference; lastKnownFileType = sourcecode.swift; path = ResistorTests.swift; sourceTree = "<group>"; };
		D0618C6B1CE6564D00449469 /* Info.plist */ = {isa = PBXFileReference; lastKnownFileType = text.plist.xml; path = Info.plist; sourceTree = "<group>"; };
		D0618C701CE6564D00449469 /* ResistorUITests.xctest */ = {isa = PBXFileReference; explicitFileType = wrapper.cfbundle; includeInIndex = 0; path = ResistorUITests.xctest; sourceTree = BUILT_PRODUCTS_DIR; };
		D0618C741CE6564D00449469 /* ResistorUITests.swift */ = {isa = PBXFileReference; lastKnownFileType = sourcecode.swift; path = ResistorUITests.swift; sourceTree = "<group>"; };
		D0618C761CE6564D00449469 /* Info.plist */ = {isa = PBXFileReference; lastKnownFileType = text.plist.xml; path = Info.plist; sourceTree = "<group>"; };
		D0618C821CE677DE00449469 /* ResistancePicker.swift */ = {isa = PBXFileReference; fileEncoding = 4; lastKnownFileType = sourcecode.swift; path = ResistancePicker.swift; sourceTree = "<group>"; };
		D063EF821CFC5FFD00381C53 /* BandPagesViewController.swift */ = {isa = PBXFileReference; fileEncoding = 4; lastKnownFileType = sourcecode.swift; path = BandPagesViewController.swift; sourceTree = "<group>"; };
		D063EF841CFC609C00381C53 /* 5BandViewController.swift */ = {isa = PBXFileReference; fileEncoding = 4; lastKnownFileType = sourcecode.swift; path = 5BandViewController.swift; sourceTree = "<group>"; };
		D063EF861CFD1AA900381C53 /* 6BandViewController.swift */ = {isa = PBXFileReference; fileEncoding = 4; lastKnownFileType = sourcecode.swift; path = 6BandViewController.swift; sourceTree = "<group>"; };
		D065955D1D000B370082FA46 /* customKeyboard.swift */ = {isa = PBXFileReference; fileEncoding = 4; lastKnownFileType = sourcecode.swift; path = customKeyboard.swift; sourceTree = "<group>"; };
		D065955E1D000B370082FA46 /* customKeyboard.xib */ = {isa = PBXFileReference; fileEncoding = 4; lastKnownFileType = file.xib; path = customKeyboard.xib; sourceTree = "<group>"; };
		D07D091C1D018B2100670FAE /* objCHeader.h */ = {isa = PBXFileReference; fileEncoding = 4; lastKnownFileType = sourcecode.c.h; path = objCHeader.h; sourceTree = "<group>"; };
		D07D091D1D018B9F00670FAE /* UITextField_Shake.framework */ = {isa = PBXFileReference; lastKnownFileType = wrapper.framework; name = UITextField_Shake.framework; path = "../../../Library/Developer/Xcode/DerivedData/Resistor-bqjhbunjctianadnmagkpyqsodpt/Build/Products/Debug-iphonesimulator/UITextField+Shake/UITextField_Shake.framework"; sourceTree = "<group>"; };
		D274FDA6C99E55A154E1A8B8 /* Pods_ResistorUITests.framework */ = {isa = PBXFileReference; explicitFileType = wrapper.framework; includeInIndex = 0; path = Pods_ResistorUITests.framework; sourceTree = BUILT_PRODUCTS_DIR; };
		E47ED0CA3D44212AB8E12146 /* Pods_ResistorTests.framework */ = {isa = PBXFileReference; explicitFileType = wrapper.framework; includeInIndex = 0; path = Pods_ResistorTests.framework; sourceTree = BUILT_PRODUCTS_DIR; };
/* End PBXFileReference section */

/* Begin PBXFrameworksBuildPhase section */
		D0618C4E1CE6564C00449469 /* Frameworks */ = {
			isa = PBXFrameworksBuildPhase;
			buildActionMask = 2147483647;
			files = (
				D07D091E1D018B9F00670FAE /* UITextField_Shake.framework in Frameworks */,
				D5A2E3B6A0744BE80119B167 /* Pods_Resistor.framework in Frameworks */,
			);
			runOnlyForDeploymentPostprocessing = 0;
		};
		D0618C621CE6564C00449469 /* Frameworks */ = {
			isa = PBXFrameworksBuildPhase;
			buildActionMask = 2147483647;
			files = (
				120797E8258080A78C0990F8 /* Pods_ResistorTests.framework in Frameworks */,
			);
			runOnlyForDeploymentPostprocessing = 0;
		};
		D0618C6D1CE6564D00449469 /* Frameworks */ = {
			isa = PBXFrameworksBuildPhase;
			buildActionMask = 2147483647;
			files = (
				D22FCCA9E2E50F673F9984CC /* Pods_ResistorUITests.framework in Frameworks */,
			);
			runOnlyForDeploymentPostprocessing = 0;
		};
/* End PBXFrameworksBuildPhase section */

/* Begin PBXGroup section */
		3A4886FDC6FA6BBBCA8936BD /* Frameworks */ = {
			isa = PBXGroup;
			children = (
				D07D091D1D018B9F00670FAE /* UITextField_Shake.framework */,
				327B78DFC8337F9D25C828EB /* Pods_Resistor.framework */,
				E47ED0CA3D44212AB8E12146 /* Pods_ResistorTests.framework */,
				D274FDA6C99E55A154E1A8B8 /* Pods_ResistorUITests.framework */,
			);
			name = Frameworks;
			sourceTree = "<group>";
		};
		601C2C666BD29E547004243C /* Pods */ = {
			isa = PBXGroup;
			children = (
				6EFFC89A384274FCE35E5E4D /* Pods-Resistor.debug.xcconfig */,
				444D478DC393EA3530F74C0D /* Pods-Resistor.release.xcconfig */,
				2B780F07F514B8E005CF55B8 /* Pods-ResistorTests.debug.xcconfig */,
				15F7685870A02381C13C0B60 /* Pods-ResistorTests.release.xcconfig */,
				BFA5E72294B79C4481A86140 /* Pods-ResistorUITests.debug.xcconfig */,
				336B4A05191A6411FBD57DC1 /* Pods-ResistorUITests.release.xcconfig */,
			);
			name = Pods;
			sourceTree = "<group>";
		};
		D0618C481CE6564C00449469 = {
			isa = PBXGroup;
			children = (
				D0618C531CE6564C00449469 /* Resistor */,
				D0618C681CE6564D00449469 /* ResistorTests */,
				D0618C731CE6564D00449469 /* ResistorUITests */,
				D0618C521CE6564C00449469 /* Products */,
				601C2C666BD29E547004243C /* Pods */,
				3A4886FDC6FA6BBBCA8936BD /* Frameworks */,
			);
			sourceTree = "<group>";
		};
		D0618C521CE6564C00449469 /* Products */ = {
			isa = PBXGroup;
			children = (
				D0618C511CE6564C00449469 /* Resistor.app */,
				D0618C651CE6564C00449469 /* ResistorTests.xctest */,
				D0618C701CE6564D00449469 /* ResistorUITests.xctest */,
			);
			name = Products;
			sourceTree = "<group>";
		};
		D0618C531CE6564C00449469 /* Resistor */ = {
			isa = PBXGroup;
			children = (
				D065955D1D000B370082FA46 /* customKeyboard.swift */,
				D065955E1D000B370082FA46 /* customKeyboard.xib */,
				D0618C541CE6564C00449469 /* AppDelegate.swift */,
				D0618C561CE6564C00449469 /* 4BandViewController.swift */,
				D063EF841CFC609C00381C53 /* 5BandViewController.swift */,
				D063EF861CFD1AA900381C53 /* 6BandViewController.swift */,
				D0618C821CE677DE00449469 /* ResistancePicker.swift */,
				D0618C581CE6564C00449469 /* Main.storyboard */,
				D063EF821CFC5FFD00381C53 /* BandPagesViewController.swift */,
				D058F6121CE84405002DB071 /* extensions.swift */,
				D058F6101CE82482002DB071 /* LongPressTextField.swift */,
				D0618C5B1CE6564C00449469 /* Assets.xcassets */,
				D0618C5D1CE6564C00449469 /* LaunchScreen.storyboard */,
				D0618C601CE6564C00449469 /* Info.plist */,
				D07D091C1D018B2100670FAE /* objCHeader.h */,
			);
			path = Resistor;
			sourceTree = "<group>";
		};
		D0618C681CE6564D00449469 /* ResistorTests */ = {
			isa = PBXGroup;
			children = (
				D0618C691CE6564D00449469 /* ResistorTests.swift */,
				D0618C6B1CE6564D00449469 /* Info.plist */,
			);
			path = ResistorTests;
			sourceTree = "<group>";
		};
		D0618C731CE6564D00449469 /* ResistorUITests */ = {
			isa = PBXGroup;
			children = (
				D0618C741CE6564D00449469 /* ResistorUITests.swift */,
				D0618C761CE6564D00449469 /* Info.plist */,
			);
			path = ResistorUITests;
			sourceTree = "<group>";
		};
/* End PBXGroup section */

/* Begin PBXNativeTarget section */
		D0618C501CE6564C00449469 /* Resistor */ = {
			isa = PBXNativeTarget;
			buildConfigurationList = D0618C791CE6564D00449469 /* Build configuration list for PBXNativeTarget "Resistor" */;
			buildPhases = (
				12F27DE02D7D7D33E5A305D5 /* 📦 Check Pods Manifest.lock */,
				D0618C4D1CE6564C00449469 /* Sources */,
				D0618C4E1CE6564C00449469 /* Frameworks */,
				D0618C4F1CE6564C00449469 /* Resources */,
				AE3A7CC04F724A0675179652 /* 📦 Embed Pods Frameworks */,
				D5BA7C5E158C26A27856AE0E /* 📦 Copy Pods Resources */,
			);
			buildRules = (
			);
			dependencies = (
			);
			name = Resistor;
			productName = Resistor;
			productReference = D0618C511CE6564C00449469 /* Resistor.app */;
			productType = "com.apple.product-type.application";
		};
		D0618C641CE6564C00449469 /* ResistorTests */ = {
			isa = PBXNativeTarget;
			buildConfigurationList = D0618C7C1CE6564D00449469 /* Build configuration list for PBXNativeTarget "ResistorTests" */;
			buildPhases = (
				27439A8D29F3F1CB8192290B /* 📦 Check Pods Manifest.lock */,
				D0618C611CE6564C00449469 /* Sources */,
				D0618C621CE6564C00449469 /* Frameworks */,
				D0618C631CE6564C00449469 /* Resources */,
				1E2BD554749B703DC8F7C81D /* 📦 Embed Pods Frameworks */,
				DF79E1C4458DF5BD9CD7665F /* 📦 Copy Pods Resources */,
			);
			buildRules = (
			);
			dependencies = (
				D0618C671CE6564D00449469 /* PBXTargetDependency */,
			);
			name = ResistorTests;
			productName = ResistorTests;
			productReference = D0618C651CE6564C00449469 /* ResistorTests.xctest */;
			productType = "com.apple.product-type.bundle.unit-test";
		};
		D0618C6F1CE6564D00449469 /* ResistorUITests */ = {
			isa = PBXNativeTarget;
			buildConfigurationList = D0618C7F1CE6564D00449469 /* Build configuration list for PBXNativeTarget "ResistorUITests" */;
			buildPhases = (
				4E806A0CC46A07594D6E51AE /* 📦 Check Pods Manifest.lock */,
				D0618C6C1CE6564D00449469 /* Sources */,
				D0618C6D1CE6564D00449469 /* Frameworks */,
				D0618C6E1CE6564D00449469 /* Resources */,
				9E7FAD259A034173175F0474 /* 📦 Copy Pods Resources */,
			);
			buildRules = (
			);
			dependencies = (
				D0618C721CE6564D00449469 /* PBXTargetDependency */,
			);
			name = ResistorUITests;
			productName = ResistorUITests;
			productReference = D0618C701CE6564D00449469 /* ResistorUITests.xctest */;
			productType = "com.apple.product-type.bundle.ui-testing";
		};
/* End PBXNativeTarget section */

/* Begin PBXProject section */
		D0618C491CE6564C00449469 /* Project object */ = {
			isa = PBXProject;
			attributes = {
				LastSwiftUpdateCheck = 0730;
				LastUpgradeCheck = 0730;
				ORGANIZATIONNAME = "Justin Oroz";
				TargetAttributes = {
					D0618C501CE6564C00449469 = {
						CreatedOnToolsVersion = 7.3.1;
						DevelopmentTeam = 747EALPHEP;
					};
					D0618C641CE6564C00449469 = {
						CreatedOnToolsVersion = 7.3.1;
						TestTargetID = D0618C501CE6564C00449469;
					};
					D0618C6F1CE6564D00449469 = {
						CreatedOnToolsVersion = 7.3.1;
						TestTargetID = D0618C501CE6564C00449469;
					};
				};
			};
			buildConfigurationList = D0618C4C1CE6564C00449469 /* Build configuration list for PBXProject "Resistor" */;
			compatibilityVersion = "Xcode 6.3";
			developmentRegion = English;
			hasScannedForEncodings = 0;
			knownRegions = (
				en,
				Base,
			);
			mainGroup = D0618C481CE6564C00449469;
			productRefGroup = D0618C521CE6564C00449469 /* Products */;
			projectDirPath = "";
			projectRoot = "";
			targets = (
				D0618C501CE6564C00449469 /* Resistor */,
				D0618C641CE6564C00449469 /* ResistorTests */,
				D0618C6F1CE6564D00449469 /* ResistorUITests */,
			);
		};
/* End PBXProject section */

/* Begin PBXResourcesBuildPhase section */
		D0618C4F1CE6564C00449469 /* Resources */ = {
			isa = PBXResourcesBuildPhase;
			buildActionMask = 2147483647;
			files = (
				D0618C5F1CE6564C00449469 /* LaunchScreen.storyboard in Resources */,
				D0618C5C1CE6564C00449469 /* Assets.xcassets in Resources */,
				D0618C5A1CE6564C00449469 /* Main.storyboard in Resources */,
				D06595601D000B370082FA46 /* customKeyboard.xib in Resources */,
			);
			runOnlyForDeploymentPostprocessing = 0;
		};
		D0618C631CE6564C00449469 /* Resources */ = {
			isa = PBXResourcesBuildPhase;
			buildActionMask = 2147483647;
			files = (
			);
			runOnlyForDeploymentPostprocessing = 0;
		};
		D0618C6E1CE6564D00449469 /* Resources */ = {
			isa = PBXResourcesBuildPhase;
			buildActionMask = 2147483647;
			files = (
			);
			runOnlyForDeploymentPostprocessing = 0;
		};
/* End PBXResourcesBuildPhase section */

/* Begin PBXShellScriptBuildPhase section */
		12F27DE02D7D7D33E5A305D5 /* 📦 Check Pods Manifest.lock */ = {
			isa = PBXShellScriptBuildPhase;
			buildActionMask = 2147483647;
			files = (
			);
			inputPaths = (
			);
			name = "📦 Check Pods Manifest.lock";
			outputPaths = (
			);
			runOnlyForDeploymentPostprocessing = 0;
			shellPath = /bin/sh;
			shellScript = "diff \"${PODS_ROOT}/../Podfile.lock\" \"${PODS_ROOT}/Manifest.lock\" > /dev/null\nif [[ $? != 0 ]] ; then\n    cat << EOM\nerror: The sandbox is not in sync with the Podfile.lock. Run 'pod install' or update your CocoaPods installation.\nEOM\n    exit 1\nfi\n";
			showEnvVarsInLog = 0;
		};
		1E2BD554749B703DC8F7C81D /* 📦 Embed Pods Frameworks */ = {
			isa = PBXShellScriptBuildPhase;
			buildActionMask = 2147483647;
			files = (
			);
			inputPaths = (
			);
			name = "📦 Embed Pods Frameworks";
			outputPaths = (
			);
			runOnlyForDeploymentPostprocessing = 0;
			shellPath = /bin/sh;
			shellScript = "\"${SRCROOT}/Pods/Target Support Files/Pods-ResistorTests/Pods-ResistorTests-frameworks.sh\"\n";
			showEnvVarsInLog = 0;
		};
		27439A8D29F3F1CB8192290B /* 📦 Check Pods Manifest.lock */ = {
			isa = PBXShellScriptBuildPhase;
			buildActionMask = 2147483647;
			files = (
			);
			inputPaths = (
			);
			name = "📦 Check Pods Manifest.lock";
			outputPaths = (
			);
			runOnlyForDeploymentPostprocessing = 0;
			shellPath = /bin/sh;
			shellScript = "diff \"${PODS_ROOT}/../Podfile.lock\" \"${PODS_ROOT}/Manifest.lock\" > /dev/null\nif [[ $? != 0 ]] ; then\n    cat << EOM\nerror: The sandbox is not in sync with the Podfile.lock. Run 'pod install' or update your CocoaPods installation.\nEOM\n    exit 1\nfi\n";
			showEnvVarsInLog = 0;
		};
		4E806A0CC46A07594D6E51AE /* 📦 Check Pods Manifest.lock */ = {
			isa = PBXShellScriptBuildPhase;
			buildActionMask = 2147483647;
			files = (
			);
			inputPaths = (
			);
			name = "📦 Check Pods Manifest.lock";
			outputPaths = (
			);
			runOnlyForDeploymentPostprocessing = 0;
			shellPath = /bin/sh;
			shellScript = "diff \"${PODS_ROOT}/../Podfile.lock\" \"${PODS_ROOT}/Manifest.lock\" > /dev/null\nif [[ $? != 0 ]] ; then\n    cat << EOM\nerror: The sandbox is not in sync with the Podfile.lock. Run 'pod install' or update your CocoaPods installation.\nEOM\n    exit 1\nfi\n";
			showEnvVarsInLog = 0;
		};
		9E7FAD259A034173175F0474 /* 📦 Copy Pods Resources */ = {
			isa = PBXShellScriptBuildPhase;
			buildActionMask = 2147483647;
			files = (
			);
			inputPaths = (
			);
			name = "📦 Copy Pods Resources";
			outputPaths = (
			);
			runOnlyForDeploymentPostprocessing = 0;
			shellPath = /bin/sh;
			shellScript = "\"${SRCROOT}/Pods/Target Support Files/Pods-ResistorUITests/Pods-ResistorUITests-resources.sh\"\n";
			showEnvVarsInLog = 0;
		};
		AE3A7CC04F724A0675179652 /* 📦 Embed Pods Frameworks */ = {
			isa = PBXShellScriptBuildPhase;
			buildActionMask = 2147483647;
			files = (
			);
			inputPaths = (
			);
			name = "📦 Embed Pods Frameworks";
			outputPaths = (
			);
			runOnlyForDeploymentPostprocessing = 0;
			shellPath = /bin/sh;
			shellScript = "\"${SRCROOT}/Pods/Target Support Files/Pods-Resistor/Pods-Resistor-frameworks.sh\"\n";
			showEnvVarsInLog = 0;
		};
		D5BA7C5E158C26A27856AE0E /* 📦 Copy Pods Resources */ = {
			isa = PBXShellScriptBuildPhase;
			buildActionMask = 2147483647;
			files = (
			);
			inputPaths = (
			);
			name = "📦 Copy Pods Resources";
			outputPaths = (
			);
			runOnlyForDeploymentPostprocessing = 0;
			shellPath = /bin/sh;
			shellScript = "\"${SRCROOT}/Pods/Target Support Files/Pods-Resistor/Pods-Resistor-resources.sh\"\n";
			showEnvVarsInLog = 0;
		};
		DF79E1C4458DF5BD9CD7665F /* 📦 Copy Pods Resources */ = {
			isa = PBXShellScriptBuildPhase;
			buildActionMask = 2147483647;
			files = (
			);
			inputPaths = (
			);
			name = "📦 Copy Pods Resources";
			outputPaths = (
			);
			runOnlyForDeploymentPostprocessing = 0;
			shellPath = /bin/sh;
			shellScript = "\"${SRCROOT}/Pods/Target Support Files/Pods-ResistorTests/Pods-ResistorTests-resources.sh\"\n";
			showEnvVarsInLog = 0;
		};
/* End PBXShellScriptBuildPhase section */

/* Begin PBXSourcesBuildPhase section */
		D0618C4D1CE6564C00449469 /* Sources */ = {
			isa = PBXSourcesBuildPhase;
			buildActionMask = 2147483647;
			files = (
				D065955F1D000B370082FA46 /* customKeyboard.swift in Sources */,
				D058F6131CE84405002DB071 /* extensions.swift in Sources */,
				D0618C571CE6564C00449469 /* 4BandViewController.swift in Sources */,
				D058F6111CE82482002DB071 /* LongPressTextField.swift in Sources */,
				D0618C831CE677DE00449469 /* ResistancePicker.swift in Sources */,
				D063EF831CFC5FFD00381C53 /* BandPagesViewController.swift in Sources */,
				D0618C551CE6564C00449469 /* AppDelegate.swift in Sources */,
				D063EF871CFD1AA900381C53 /* 6BandViewController.swift in Sources */,
				D063EF851CFC609C00381C53 /* 5BandViewController.swift in Sources */,
			);
			runOnlyForDeploymentPostprocessing = 0;
		};
		D0618C611CE6564C00449469 /* Sources */ = {
			isa = PBXSourcesBuildPhase;
			buildActionMask = 2147483647;
			files = (
				D0618C6A1CE6564D00449469 /* ResistorTests.swift in Sources */,
			);
			runOnlyForDeploymentPostprocessing = 0;
		};
		D0618C6C1CE6564D00449469 /* Sources */ = {
			isa = PBXSourcesBuildPhase;
			buildActionMask = 2147483647;
			files = (
				D0618C751CE6564D00449469 /* ResistorUITests.swift in Sources */,
			);
			runOnlyForDeploymentPostprocessing = 0;
		};
/* End PBXSourcesBuildPhase section */

/* Begin PBXTargetDependency section */
		D0618C671CE6564D00449469 /* PBXTargetDependency */ = {
			isa = PBXTargetDependency;
			target = D0618C501CE6564C00449469 /* Resistor */;
			targetProxy = D0618C661CE6564D00449469 /* PBXContainerItemProxy */;
		};
		D0618C721CE6564D00449469 /* PBXTargetDependency */ = {
			isa = PBXTargetDependency;
			target = D0618C501CE6564C00449469 /* Resistor */;
			targetProxy = D0618C711CE6564D00449469 /* PBXContainerItemProxy */;
		};
/* End PBXTargetDependency section */

/* Begin PBXVariantGroup section */
		D0618C581CE6564C00449469 /* Main.storyboard */ = {
			isa = PBXVariantGroup;
			children = (
				D0618C591CE6564C00449469 /* Base */,
			);
			name = Main.storyboard;
			sourceTree = "<group>";
		};
		D0618C5D1CE6564C00449469 /* LaunchScreen.storyboard */ = {
			isa = PBXVariantGroup;
			children = (
				D0618C5E1CE6564C00449469 /* Base */,
			);
			name = LaunchScreen.storyboard;
			sourceTree = "<group>";
		};
/* End PBXVariantGroup section */

/* Begin XCBuildConfiguration section */
		D0618C771CE6564D00449469 /* Debug */ = {
			isa = XCBuildConfiguration;
			buildSettings = {
				ALWAYS_SEARCH_USER_PATHS = NO;
				CLANG_ANALYZER_NONNULL = YES;
				CLANG_CXX_LANGUAGE_STANDARD = "gnu++0x";
				CLANG_CXX_LIBRARY = "libc++";
				CLANG_ENABLE_MODULES = YES;
				CLANG_ENABLE_OBJC_ARC = YES;
				CLANG_WARN_BOOL_CONVERSION = YES;
				CLANG_WARN_CONSTANT_CONVERSION = YES;
				CLANG_WARN_DIRECT_OBJC_ISA_USAGE = YES_ERROR;
				CLANG_WARN_EMPTY_BODY = YES;
				CLANG_WARN_ENUM_CONVERSION = YES;
				CLANG_WARN_INT_CONVERSION = YES;
				CLANG_WARN_OBJC_ROOT_CLASS = YES_ERROR;
				CLANG_WARN_UNREACHABLE_CODE = YES;
				CLANG_WARN__DUPLICATE_METHOD_MATCH = YES;
				"CODE_SIGN_IDENTITY[sdk=iphoneos*]" = "iPhone Developer";
				COPY_PHASE_STRIP = NO;
				DEBUG_INFORMATION_FORMAT = dwarf;
				ENABLE_STRICT_OBJC_MSGSEND = YES;
				ENABLE_TESTABILITY = YES;
				GCC_C_LANGUAGE_STANDARD = gnu99;
				GCC_DYNAMIC_NO_PIC = NO;
				GCC_NO_COMMON_BLOCKS = YES;
				GCC_OPTIMIZATION_LEVEL = 0;
				GCC_PREPROCESSOR_DEFINITIONS = (
					"DEBUG=1",
					"$(inherited)",
				);
				GCC_WARN_64_TO_32_BIT_CONVERSION = YES;
				GCC_WARN_ABOUT_RETURN_TYPE = YES_ERROR;
				GCC_WARN_UNDECLARED_SELECTOR = YES;
				GCC_WARN_UNINITIALIZED_AUTOS = YES_AGGRESSIVE;
				GCC_WARN_UNUSED_FUNCTION = YES;
				GCC_WARN_UNUSED_VARIABLE = YES;
				IPHONEOS_DEPLOYMENT_TARGET = 9.3;
				MTL_ENABLE_DEBUG_INFO = YES;
				ONLY_ACTIVE_ARCH = YES;
				SDKROOT = iphoneos;
				SWIFT_OPTIMIZATION_LEVEL = "-Onone";
			};
			name = Debug;
		};
		D0618C781CE6564D00449469 /* Release */ = {
			isa = XCBuildConfiguration;
			buildSettings = {
				ALWAYS_SEARCH_USER_PATHS = NO;
				CLANG_ANALYZER_NONNULL = YES;
				CLANG_CXX_LANGUAGE_STANDARD = "gnu++0x";
				CLANG_CXX_LIBRARY = "libc++";
				CLANG_ENABLE_MODULES = YES;
				CLANG_ENABLE_OBJC_ARC = YES;
				CLANG_WARN_BOOL_CONVERSION = YES;
				CLANG_WARN_CONSTANT_CONVERSION = YES;
				CLANG_WARN_DIRECT_OBJC_ISA_USAGE = YES_ERROR;
				CLANG_WARN_EMPTY_BODY = YES;
				CLANG_WARN_ENUM_CONVERSION = YES;
				CLANG_WARN_INT_CONVERSION = YES;
				CLANG_WARN_OBJC_ROOT_CLASS = YES_ERROR;
				CLANG_WARN_UNREACHABLE_CODE = YES;
				CLANG_WARN__DUPLICATE_METHOD_MATCH = YES;
				"CODE_SIGN_IDENTITY[sdk=iphoneos*]" = "iPhone Developer";
				COPY_PHASE_STRIP = NO;
				DEBUG_INFORMATION_FORMAT = "dwarf-with-dsym";
				ENABLE_NS_ASSERTIONS = NO;
				ENABLE_STRICT_OBJC_MSGSEND = YES;
				GCC_C_LANGUAGE_STANDARD = gnu99;
				GCC_NO_COMMON_BLOCKS = YES;
				GCC_WARN_64_TO_32_BIT_CONVERSION = YES;
				GCC_WARN_ABOUT_RETURN_TYPE = YES_ERROR;
				GCC_WARN_UNDECLARED_SELECTOR = YES;
				GCC_WARN_UNINITIALIZED_AUTOS = YES_AGGRESSIVE;
				GCC_WARN_UNUSED_FUNCTION = YES;
				GCC_WARN_UNUSED_VARIABLE = YES;
				IPHONEOS_DEPLOYMENT_TARGET = 9.3;
				MTL_ENABLE_DEBUG_INFO = NO;
				SDKROOT = iphoneos;
				VALIDATE_PRODUCT = YES;
			};
			name = Release;
		};
		D0618C7A1CE6564D00449469 /* Debug */ = {
			isa = XCBuildConfiguration;
			baseConfigurationReference = 6EFFC89A384274FCE35E5E4D /* Pods-Resistor.debug.xcconfig */;
			buildSettings = {
				ASSETCATALOG_COMPILER_APPICON_NAME = AppIcon;
				CODE_SIGN_IDENTITY = "iPhone Developer";
				"CODE_SIGN_IDENTITY[sdk=iphoneos*]" = "iPhone Developer";
				INFOPLIST_FILE = Resistor/Info.plist;
				IPHONEOS_DEPLOYMENT_TARGET = 8.0;
				LD_RUNPATH_SEARCH_PATHS = "$(inherited) @executable_path/Frameworks";
				OTHER_CFLAGS = (
					"$(inherited)",
					"-iquote",
					"\"$PODS_CONFIGURATION_BUILD_DIR/UITextField+Shake/UITextField_Shake.framework/Headers\"",
					"-fPIC",
				);
				PRODUCT_BUNDLE_IDENTIFIER = me.justinoroz.Resistor;
				PRODUCT_NAME = "$(TARGET_NAME)";
				PROVISIONING_PROFILE = "2d94a85c-b471-41f1-a54b-9a08ce104be5";
				SWIFT_OBJC_BRIDGING_HEADER = Resistor/objCHeader.h;
				WARNING_CFLAGS = (
					"-Wl,--warn-shared-textrel",
					"-Wl,--emit-relocs",
				);
			};
			name = Debug;
		};
		D0618C7B1CE6564D00449469 /* Release */ = {
			isa = XCBuildConfiguration;
			baseConfigurationReference = 444D478DC393EA3530F74C0D /* Pods-Resistor.release.xcconfig */;
			buildSettings = {
				ASSETCATALOG_COMPILER_APPICON_NAME = AppIcon;
				CODE_SIGN_IDENTITY = "iPhone Developer";
				"CODE_SIGN_IDENTITY[sdk=iphoneos*]" = "iPhone Developer";
				INFOPLIST_FILE = Resistor/Info.plist;
				IPHONEOS_DEPLOYMENT_TARGET = 8.0;
				LD_RUNPATH_SEARCH_PATHS = "$(inherited) @executable_path/Frameworks";
				OTHER_CFLAGS = (
					"$(inherited)",
					"-iquote",
					"\"$PODS_CONFIGURATION_BUILD_DIR/UITextField+Shake/UITextField_Shake.framework/Headers\"",
					"-fPIC",
				);
				PRODUCT_BUNDLE_IDENTIFIER = me.justinoroz.Resistor;
				PRODUCT_NAME = "$(TARGET_NAME)";
				PROVISIONING_PROFILE = "2d94a85c-b471-41f1-a54b-9a08ce104be5";
				SWIFT_OBJC_BRIDGING_HEADER = Resistor/objCHeader.h;
				WARNING_CFLAGS = (
					"-Wl,--warn-shared-textrel",
					"-Wl,--emit-relocs",
				);
			};
			name = Release;
		};
		D0618C7D1CE6564D00449469 /* Debug */ = {
			isa = XCBuildConfiguration;
			baseConfigurationReference = 2B780F07F514B8E005CF55B8 /* Pods-ResistorTests.debug.xcconfig */;
			buildSettings = {
				BUNDLE_LOADER = "$(TEST_HOST)";
				INFOPLIST_FILE = ResistorTests/Info.plist;
				LD_RUNPATH_SEARCH_PATHS = "$(inherited) @executable_path/Frameworks @loader_path/Frameworks";
				PRODUCT_BUNDLE_IDENTIFIER = me.justinoroz.ResistorTests;
				PRODUCT_NAME = "$(TARGET_NAME)";
				TEST_HOST = "$(BUILT_PRODUCTS_DIR)/Resistor.app/Resistor";
			};
			name = Debug;
		};
		D0618C7E1CE6564D00449469 /* Release */ = {
			isa = XCBuildConfiguration;
			baseConfigurationReference = 15F7685870A02381C13C0B60 /* Pods-ResistorTests.release.xcconfig */;
			buildSettings = {
				BUNDLE_LOADER = "$(TEST_HOST)";
				INFOPLIST_FILE = ResistorTests/Info.plist;
				LD_RUNPATH_SEARCH_PATHS = "$(inherited) @executable_path/Frameworks @loader_path/Frameworks";
				PRODUCT_BUNDLE_IDENTIFIER = me.justinoroz.ResistorTests;
				PRODUCT_NAME = "$(TARGET_NAME)";
				TEST_HOST = "$(BUILT_PRODUCTS_DIR)/Resistor.app/Resistor";
			};
			name = Release;
		};
		D0618C801CE6564D00449469 /* Debug */ = {
			isa = XCBuildConfiguration;
			baseConfigurationReference = BFA5E72294B79C4481A86140 /* Pods-ResistorUITests.debug.xcconfig */;
			buildSettings = {
				INFOPLIST_FILE = ResistorUITests/Info.plist;
				LD_RUNPATH_SEARCH_PATHS = "$(inherited) @executable_path/Frameworks @loader_path/Frameworks";
				PRODUCT_BUNDLE_IDENTIFIER = me.justinoroz.ResistorUITests;
				PRODUCT_NAME = "$(TARGET_NAME)";
				TEST_TARGET_NAME = Resistor;
			};
			name = Debug;
		};
		D0618C811CE6564D00449469 /* Release */ = {
			isa = XCBuildConfiguration;
			baseConfigurationReference = 336B4A05191A6411FBD57DC1 /* Pods-ResistorUITests.release.xcconfig */;
			buildSettings = {
				INFOPLIST_FILE = ResistorUITests/Info.plist;
				LD_RUNPATH_SEARCH_PATHS = "$(inherited) @executable_path/Frameworks @loader_path/Frameworks";
				PRODUCT_BUNDLE_IDENTIFIER = me.justinoroz.ResistorUITests;
				PRODUCT_NAME = "$(TARGET_NAME)";
				TEST_TARGET_NAME = Resistor;
			};
			name = Release;
		};
/* End XCBuildConfiguration section */

/* Begin XCConfigurationList section */
		D0618C4C1CE6564C00449469 /* Build configuration list for PBXProject "Resistor" */ = {
			isa = XCConfigurationList;
			buildConfigurations = (
				D0618C771CE6564D00449469 /* Debug */,
				D0618C781CE6564D00449469 /* Release */,
			);
			defaultConfigurationIsVisible = 0;
			defaultConfigurationName = Release;
		};
		D0618C791CE6564D00449469 /* Build configuration list for PBXNativeTarget "Resistor" */ = {
			isa = XCConfigurationList;
			buildConfigurations = (
				D0618C7A1CE6564D00449469 /* Debug */,
				D0618C7B1CE6564D00449469 /* Release */,
			);
			defaultConfigurationIsVisible = 0;
			defaultConfigurationName = Release;
		};
		D0618C7C1CE6564D00449469 /* Build configuration list for PBXNativeTarget "ResistorTests" */ = {
			isa = XCConfigurationList;
			buildConfigurations = (
				D0618C7D1CE6564D00449469 /* Debug */,
				D0618C7E1CE6564D00449469 /* Release */,
			);
			defaultConfigurationIsVisible = 0;
			defaultConfigurationName = Release;
		};
		D0618C7F1CE6564D00449469 /* Build configuration list for PBXNativeTarget "ResistorUITests" */ = {
			isa = XCConfigurationList;
			buildConfigurations = (
				D0618C801CE6564D00449469 /* Debug */,
				D0618C811CE6564D00449469 /* Release */,
			);
			defaultConfigurationIsVisible = 0;
			defaultConfigurationName = Release;
		};
/* End XCConfigurationList section */
	};
	rootObject = D0618C491CE6564C00449469 /* Project object */;
}
